// !$*UTF8*$!
{
	archiveVersion = 1;
	classes = {
	};
	objectVersion = 55;
	objects = {

/* Begin PBXBuildFile section */
		03EEE933283BC10100DA5393 /* MoooviesApp.swift in Sources */ = {isa = PBXBuildFile; fileRef = 03EEE932283BC10100DA5393 /* MoooviesApp.swift */; };
		03EEE935283BC10100DA5393 /* ContentView.swift in Sources */ = {isa = PBXBuildFile; fileRef = 03EEE934283BC10100DA5393 /* ContentView.swift */; };
		03EEE937283BC10600DA5393 /* Assets.xcassets in Resources */ = {isa = PBXBuildFile; fileRef = 03EEE936283BC10600DA5393 /* Assets.xcassets */; };
		03EEE93A283BC10600DA5393 /* Preview Assets.xcassets in Resources */ = {isa = PBXBuildFile; fileRef = 03EEE939283BC10600DA5393 /* Preview Assets.xcassets */; };
		03EEE945283BC2B900DA5393 /* Movies.swift in Sources */ = {isa = PBXBuildFile; fileRef = 03EEE944283BC2B900DA5393 /* Movies.swift */; };
		03EEE948283BC71000DA5393 /* Downloader.swift in Sources */ = {isa = PBXBuildFile; fileRef = 03EEE947283BC71000DA5393 /* Downloader.swift */; };
/* End PBXBuildFile section */

/* Begin PBXFileReference section */
		03EEE92F283BC10100DA5393 /* Mooovies.app */ = {isa = PBXFileReference; explicitFileType = wrapper.application; includeInIndex = 0; path = Mooovies.app; sourceTree = BUILT_PRODUCTS_DIR; };
		03EEE932283BC10100DA5393 /* MoooviesApp.swift */ = {isa = PBXFileReference; lastKnownFileType = sourcecode.swift; path = MoooviesApp.swift; sourceTree = "<group>"; };
		03EEE934283BC10100DA5393 /* ContentView.swift */ = {isa = PBXFileReference; lastKnownFileType = sourcecode.swift; path = ContentView.swift; sourceTree = "<group>"; };
		03EEE936283BC10600DA5393 /* Assets.xcassets */ = {isa = PBXFileReference; lastKnownFileType = folder.assetcatalog; path = Assets.xcassets; sourceTree = "<group>"; };
		03EEE939283BC10600DA5393 /* Preview Assets.xcassets */ = {isa = PBXFileReference; lastKnownFileType = folder.assetcatalog; path = "Preview Assets.xcassets"; sourceTree = "<group>"; };
		03EEE944283BC2B900DA5393 /* Movies.swift */ = {isa = PBXFileReference; lastKnownFileType = sourcecode.swift; path = Movies.swift; sourceTree = "<group>"; };
		03EEE947283BC71000DA5393 /* Downloader.swift */ = {isa = PBXFileReference; lastKnownFileType = sourcecode.swift; path = Downloader.swift; sourceTree = "<group>"; };
/* End PBXFileReference section */

/* Begin PBXFrameworksBuildPhase section */
		03EEE92C283BC10100DA5393 /* Frameworks */ = {
			isa = PBXFrameworksBuildPhase;
			buildActionMask = 2147483647;
			files = (
			);
			runOnlyForDeploymentPostprocessing = 0;
		};
/* End PBXFrameworksBuildPhase section */

/* Begin PBXGroup section */
		03EEE926283BC10100DA5393 = {
			isa = PBXGroup;
			children = (
				03EEE931283BC10100DA5393 /* Mooovies */,
				03EEE930283BC10100DA5393 /* Products */,
			);
			sourceTree = "<group>";
		};
		03EEE930283BC10100DA5393 /* Products */ = {
			isa = PBXGroup;
			children = (
				03EEE92F283BC10100DA5393 /* Mooovies.app */,
			);
			name = Products;
			sourceTree = "<group>";
		};
		03EEE931283BC10100DA5393 /* Mooovies */ = {
			isa = PBXGroup;
			children = (
				03EEE946283BC6E300DA5393 /* Service */,
				03EEE943283BC19900DA5393 /* App */,
				03EEE942283BC17100DA5393 /* ViewModel */,
				03EEE941283BC15F00DA5393 /* View */,
				03EEE940283BC15800DA5393 /* Model */,
				03EEE936283BC10600DA5393 /* Assets.xcassets */,
				03EEE938283BC10600DA5393 /* Preview Content */,
			);
			path = Mooovies;
			sourceTree = "<group>";
		};
		03EEE938283BC10600DA5393 /* Preview Content */ = {
			isa = PBXGroup;
			children = (
				03EEE939283BC10600DA5393 /* Preview Assets.xcassets */,
			);
			path = "Preview Content";
			sourceTree = "<group>";
		};
		03EEE940283BC15800DA5393 /* Model */ = {
			isa = PBXGroup;
			children = (
				03EEE944283BC2B900DA5393 /* Movies.swift */,
			);
			path = Model;
			sourceTree = "<group>";
		};
		03EEE941283BC15F00DA5393 /* View */ = {
			isa = PBXGroup;
			children = (
				03EEE934283BC10100DA5393 /* ContentView.swift */,
			);
			path = View;
			sourceTree = "<group>";
		};
		03EEE942283BC17100DA5393 /* ViewModel */ = {
			isa = PBXGroup;
			children = (
			);
			path = ViewModel;
			sourceTree = "<group>";
		};
		03EEE943283BC19900DA5393 /* App */ = {
			isa = PBXGroup;
			children = (
				03EEE932283BC10100DA5393 /* MoooviesApp.swift */,
			);
			path = App;
			sourceTree = "<group>";
		};
		03EEE946283BC6E300DA5393 /* Service */ = {
			isa = PBXGroup;
			children = (
				03EEE947283BC71000DA5393 /* Downloader.swift */,
			);
			path = Service;
			sourceTree = "<group>";
		};
/* End PBXGroup section */

/* Begin PBXNativeTarget section */
		03EEE92E283BC10100DA5393 /* Mooovies */ = {
			isa = PBXNativeTarget;
			buildConfigurationList = 03EEE93D283BC10600DA5393 /* Build configuration list for PBXNativeTarget "Mooovies" */;
			buildPhases = (
				03EEE92B283BC10100DA5393 /* Sources */,
				03EEE92C283BC10100DA5393 /* Frameworks */,
				03EEE92D283BC10100DA5393 /* Resources */,
			);
			buildRules = (
			);
			dependencies = (
			);
			name = Mooovies;
			productName = Mooovies;
			productReference = 03EEE92F283BC10100DA5393 /* Mooovies.app */;
			productType = "com.apple.product-type.application";
		};
/* End PBXNativeTarget section */

/* Begin PBXProject section */
		03EEE927283BC10100DA5393 /* Project object */ = {
			isa = PBXProject;
			attributes = {
				BuildIndependentTargetsInParallel = 1;
				LastSwiftUpdateCheck = 1330;
				LastUpgradeCheck = 1330;
				TargetAttributes = {
					03EEE92E283BC10100DA5393 = {
						CreatedOnToolsVersion = 13.3.1;
					};
				};
			};
			buildConfigurationList = 03EEE92A283BC10100DA5393 /* Build configuration list for PBXProject "Mooovies" */;
			compatibilityVersion = "Xcode 13.0";
			developmentRegion = en;
			hasScannedForEncodings = 0;
			knownRegions = (
				en,
				Base,
			);
			mainGroup = 03EEE926283BC10100DA5393;
			productRefGroup = 03EEE930283BC10100DA5393 /* Products */;
			projectDirPath = "";
			projectRoot = "";
			targets = (
				03EEE92E283BC10100DA5393 /* Mooovies */,
			);
		};
/* End PBXProject section */

/* Begin PBXResourcesBuildPhase section */
		03EEE92D283BC10100DA5393 /* Resources */ = {
			isa = PBXResourcesBuildPhase;
			buildActionMask = 2147483647;
			files = (
				03EEE93A283BC10600DA5393 /* Preview Assets.xcassets in Resources */,
				03EEE937283BC10600DA5393 /* Assets.xcassets in Resources */,
			);
			runOnlyForDeploymentPostprocessing = 0;
		};
/* End PBXResourcesBuildPhase section */

/* Begin PBXSourcesBuildPhase section */
		03EEE92B283BC10100DA5393 /* Sources */ = {
			isa = PBXSourcesBuildPhase;
			buildActionMask = 2147483647;
			files = (
				03EEE935283BC10100DA5393 /* ContentView.swift in Sources */,
				03EEE933283BC10100DA5393 /* MoooviesApp.swift in Sources */,
				03EEE948283BC71000DA5393 /* Downloader.swift in Sources */,
				03EEE945283BC2B900DA5393 /* Movies.swift in Sources */,
			);
			runOnlyForDeploymentPostprocessing = 0;
		};
/* End PBXSourcesBuildPhase section */

/* Begin XCBuildConfiguration section */
		03EEE93B283BC10600DA5393 /* Debug */ = {
			isa = XCBuildConfiguration;
			buildSettings = {
				ALWAYS_SEARCH_USER_PATHS = NO;
				CLANG_ANALYZER_NONNULL = YES;
				CLANG_ANALYZER_NUMBER_OBJECT_CONVERSION = YES_AGGRESSIVE;
				CLANG_CXX_LANGUAGE_STANDARD = "gnu++17";
				CLANG_ENABLE_MODULES = YES;
				CLANG_ENABLE_OBJC_ARC = YES;
				CLANG_ENABLE_OBJC_WEAK = YES;
				CLANG_WARN_BLOCK_CAPTURE_AUTORELEASING = YES;
				CLANG_WARN_BOOL_CONVERSION = YES;
				CLANG_WARN_COMMA = YES;
				CLANG_WARN_CONSTANT_CONVERSION = YES;
				CLANG_WARN_DEPRECATED_OBJC_IMPLEMENTATIONS = YES;
				CLANG_WARN_DIRECT_OBJC_ISA_USAGE = YES_ERROR;
				CLANG_WARN_DOCUMENTATION_COMMENTS = YES;
				CLANG_WARN_EMPTY_BODY = YES;
				CLANG_WARN_ENUM_CONVERSION = YES;
				CLANG_WARN_INFINITE_RECURSION = YES;
				CLANG_WARN_INT_CONVERSION = YES;
				CLANG_WARN_NON_LITERAL_NULL_CONVERSION = YES;
				CLANG_WARN_OBJC_IMPLICIT_RETAIN_SELF = YES;
				CLANG_WARN_OBJC_LITERAL_CONVERSION = YES;
				CLANG_WARN_OBJC_ROOT_CLASS = YES_ERROR;
				CLANG_WARN_QUOTED_INCLUDE_IN_FRAMEWORK_HEADER = YES;
				CLANG_WARN_RANGE_LOOP_ANALYSIS = YES;
				CLANG_WARN_STRICT_PROTOTYPES = YES;
				CLANG_WARN_SUSPICIOUS_MOVE = YES;
				CLANG_WARN_UNGUARDED_AVAILABILITY = YES_AGGRESSIVE;
				CLANG_WARN_UNREACHABLE_CODE = YES;
				CLANG_WARN__DUPLICATE_METHOD_MATCH = YES;
				COPY_PHASE_STRIP = NO;
				DEBUG_INFORMATION_FORMAT = dwarf;
				ENABLE_STRICT_OBJC_MSGSEND = YES;
				ENABLE_TESTABILITY = YES;
				GCC_C_LANGUAGE_STANDARD = gnu11;
				GCC_DYNAMIC_NO_PIC = NO;
				GCC_NO_COMMON_BLOCKS = YES;
				GCC_OPTIMIZATION_LEVEL = 0;
				GCC_PREPROCESSOR_DEFINITIONS = (
					"DEBUG=1",
					"$(inherited)",
				);
				GCC_WARN_64_TO_32_BIT_CONVERSION = YES;
				GCC_WARN_ABOUT_RETURN_TYPE = YES_ERROR;
				GCC_WARN_UNDECLARED_SELECTOR = YES;
				GCC_WARN_UNINITIALIZED_AUTOS = YES_AGGRESSIVE;
				GCC_WARN_UNUSED_FUNCTION = YES;
				GCC_WARN_UNUSED_VARIABLE = YES;
				IPHONEOS_DEPLOYMENT_TARGET = 15.4;
				MTL_ENABLE_DEBUG_INFO = INCLUDE_SOURCE;
				MTL_FAST_MATH = YES;
				ONLY_ACTIVE_ARCH = YES;
				SDKROOT = iphoneos;
				SWIFT_ACTIVE_COMPILATION_CONDITIONS = DEBUG;
				SWIFT_OPTIMIZATION_LEVEL = "-Onone";
			};
			name = Debug;
		};
		03EEE93C283BC10600DA5393 /* Release */ = {
			isa = XCBuildConfiguration;
			buildSettings = {
				ALWAYS_SEARCH_USER_PATHS = NO;
				CLANG_ANALYZER_NONNULL = YES;
				CLANG_ANALYZER_NUMBER_OBJECT_CONVERSION = YES_AGGRESSIVE;
				CLANG_CXX_LANGUAGE_STANDARD = "gnu++17";
				CLANG_ENABLE_MODULES = YES;
				CLANG_ENABLE_OBJC_ARC = YES;
				CLANG_ENABLE_OBJC_WEAK = YES;
				CLANG_WARN_BLOCK_CAPTURE_AUTORELEASING = YES;
				CLANG_WARN_BOOL_CONVERSION = YES;
				CLANG_WARN_COMMA = YES;
				CLANG_WARN_CONSTANT_CONVERSION = YES;
				CLANG_WARN_DEPRECATED_OBJC_IMPLEMENTATIONS = YES;
				CLANG_WARN_DIRECT_OBJC_ISA_USAGE = YES_ERROR;
				CLANG_WARN_DOCUMENTATION_COMMENTS = YES;
				CLANG_WARN_EMPTY_BODY = YES;
				CLANG_WARN_ENUM_CONVERSION = YES;
				CLANG_WARN_INFINITE_RECURSION = YES;
				CLANG_WARN_INT_CONVERSION = YES;
				CLANG_WARN_NON_LITERAL_NULL_CONVERSION = YES;
				CLANG_WARN_OBJC_IMPLICIT_RETAIN_SELF = YES;
				CLANG_WARN_OBJC_LITERAL_CONVERSION = YES;
				CLANG_WARN_OBJC_ROOT_CLASS = YES_ERROR;
				CLANG_WARN_QUOTED_INCLUDE_IN_FRAMEWORK_HEADER = YES;
				CLANG_WARN_RANGE_LOOP_ANALYSIS = YES;
				CLANG_WARN_STRICT_PROTOTYPES = YES;
				CLANG_WARN_SUSPICIOUS_MOVE = YES;
				CLANG_WARN_UNGUARDED_AVAILABILITY = YES_AGGRESSIVE;
				CLANG_WARN_UNREACHABLE_CODE = YES;
				CLANG_WARN__DUPLICATE_METHOD_MATCH = YES;
				COPY_PHASE_STRIP = NO;
				DEBUG_INFORMATION_FORMAT = "dwarf-with-dsym";
				ENABLE_NS_ASSERTIONS = NO;
				ENABLE_STRICT_OBJC_MSGSEND = YES;
				GCC_C_LANGUAGE_STANDARD = gnu11;
				GCC_NO_COMMON_BLOCKS = YES;
				GCC_WARN_64_TO_32_BIT_CONVERSION = YES;
				GCC_WARN_ABOUT_RETURN_TYPE = YES_ERROR;
				GCC_WARN_UNDECLARED_SELECTOR = YES;
				GCC_WARN_UNINITIALIZED_AUTOS = YES_AGGRESSIVE;
				GCC_WARN_UNUSED_FUNCTION = YES;
				GCC_WARN_UNUSED_VARIABLE = YES;
				IPHONEOS_DEPLOYMENT_TARGET = 15.4;
				MTL_ENABLE_DEBUG_INFO = NO;
				MTL_FAST_MATH = YES;
				SDKROOT = iphoneos;
				SWIFT_COMPILATION_MODE = wholemodule;
				SWIFT_OPTIMIZATION_LEVEL = "-O";
				VALIDATE_PRODUCT = YES;
			};
			name = Release;
		};
		03EEE93E283BC10600DA5393 /* Debug */ = {
			isa = XCBuildConfiguration;
			buildSettings = {
				ASSETCATALOG_COMPILER_APPICON_NAME = AppIcon;
				ASSETCATALOG_COMPILER_GLOBAL_ACCENT_COLOR_NAME = AccentColor;
				CODE_SIGN_STYLE = Automatic;
				CURRENT_PROJECT_VERSION = 1;
				DEVELOPMENT_ASSET_PATHS = "\"Mooovies/Preview Content\"";
				DEVELOPMENT_TEAM = A3LU4KVXCV;
				ENABLE_PREVIEWS = YES;
				GENERATE_INFOPLIST_FILE = YES;
				INFOPLIST_KEY_UIApplicationSceneManifest_Generation = YES;
				INFOPLIST_KEY_UIApplicationSupportsIndirectInputEvents = YES;
				INFOPLIST_KEY_UILaunchScreen_Generation = YES;
				INFOPLIST_KEY_UISupportedInterfaceOrientations_iPad = "UIInterfaceOrientationPortrait UIInterfaceOrientationPortraitUpsideDown UIInterfaceOrientationLandscapeLeft UIInterfaceOrientationLandscapeRight";
				INFOPLIST_KEY_UISupportedInterfaceOrientations_iPhone = "UIInterfaceOrientationPortrait UIInterfaceOrientationLandscapeLeft UIInterfaceOrientationLandscapeRight";
				LD_RUNPATH_SEARCH_PATHS = (
					"$(inherited)",
					"@executable_path/Frameworks",
				);
				MARKETING_VERSION = 1.0;
				PRODUCT_BUNDLE_IDENTIFIER = com.ayberkmogol.Mooovies;
				PRODUCT_NAME = "$(TARGET_NAME)";
				SWIFT_EMIT_LOC_STRINGS = YES;
				SWIFT_VERSION = 5.0;
				TARGETED_DEVICE_FAMILY = "1,2";
			};
			name = Debug;
		};
		03EEE93F283BC10600DA5393 /* Release */ = {
			isa = XCBuildConfiguration;
			buildSettings = {
				ASSETCATALOG_COMPILER_APPICON_NAME = AppIcon;
				ASSETCATALOG_COMPILER_GLOBAL_ACCENT_COLOR_NAME = AccentColor;
				CODE_SIGN_STYLE = Automatic;
				CURRENT_PROJECT_VERSION = 1;
				DEVELOPMENT_ASSET_PATHS = "\"Mooovies/Preview Content\"";
				DEVELOPMENT_TEAM = A3LU4KVXCV;
				ENABLE_PREVIEWS = YES;
				GENERATE_INFOPLIST_FILE = YES;
				INFOPLIST_KEY_UIApplicationSceneManifest_Generation = YES;
				INFOPLIST_KEY_UIApplicationSupportsIndirectInputEvents = YES;
				INFOPLIST_KEY_UILaunchScreen_Generation = YES;
				INFOPLIST_KEY_UISupportedInterfaceOrientations_iPad = "UIInterfaceOrientationPortrait UIInterfaceOrientationPortraitUpsideDown UIInterfaceOrientationLandscapeLeft UIInterfaceOrientationLandscapeRight";
				INFOPLIST_KEY_UISupportedInterfaceOrientations_iPhone = "UIInterfaceOrientationPortrait UIInterfaceOrientationLandscapeLeft UIInterfaceOrientationLandscapeRight";
				LD_RUNPATH_SEARCH_PATHS = (
					"$(inherited)",
					"@executable_path/Frameworks",
				);
				MARKETING_VERSION = 1.0;
				PRODUCT_BUNDLE_IDENTIFIER = com.ayberkmogol.Mooovies;
				PRODUCT_NAME = "$(TARGET_NAME)";
				SWIFT_EMIT_LOC_STRINGS = YES;
				SWIFT_VERSION = 5.0;
				TARGETED_DEVICE_FAMILY = "1,2";
			};
			name = Release;
		};
/* End XCBuildConfiguration section */

/* Begin XCConfigurationList section */
		03EEE92A283BC10100DA5393 /* Build configuration list for PBXProject "Mooovies" */ = {
			isa = XCConfigurationList;
			buildConfigurations = (
				03EEE93B283BC10600DA5393 /* Debug */,
				03EEE93C283BC10600DA5393 /* Release */,
			);
			defaultConfigurationIsVisible = 0;
			defaultConfigurationName = Release;
		};
		03EEE93D283BC10600DA5393 /* Build configuration list for PBXNativeTarget "Mooovies" */ = {
			isa = XCConfigurationList;
			buildConfigurations = (
				03EEE93E283BC10600DA5393 /* Debug */,
				03EEE93F283BC10600DA5393 /* Release */,
			);
			defaultConfigurationIsVisible = 0;
			defaultConfigurationName = Release;
		};
/* End XCConfigurationList section */
	};
	rootObject = 03EEE927283BC10100DA5393 /* Project object */;
}
